
Microsoft Visual Studio Solution File, Format Version 12.00
# Visual Studio Version 17
VisualStudioVersion = 17.8.34525.116
MinimumVisualStudioVersion = 10.0.40219.1
Project("{FAE04EC0-301F-11D3-BF4B-00C04F79EFBC}") = "webApiPractica", "webApiPractica\webApiPractica.csproj", "{FED22888-F6BB-48B4-94AF-FE38AFDFD121}"
EndProject
Global
	GlobalSection(SolutionConfigurationPlatforms) = preSolution
		Debug|Any CPU = Debug|Any CPU
		Release|Any CPU = Release|Any CPU
	EndGlobalSection
	GlobalSection(ProjectConfigurationPlatforms) = postSolution
		{FED22888-F6BB-48B4-94AF-FE38AFDFD121}.Debug|Any CPU.ActiveCfg = Debug|Any CPU
		{FED22888-F6BB-48B4-94AF-FE38AFDFD121}.Debug|Any CPU.Build.0 = Debug|Any CPU
		{FED22888-F6BB-48B4-94AF-FE38AFDFD121}.Release|Any CPU.ActiveCfg = Release|Any CPU
		{FED22888-F6BB-48B4-94AF-FE38AFDFD121}.Release|Any CPU.Build.0 = Release|Any CPU
	EndGlobalSection
	GlobalSection(SolutionProperties) = preSolution
		HideSolutionNode = FALSE
	EndGlobalSection
	GlobalSection(ExtensibilityGlobals) = postSolution
		SolutionGuid = {524CED88-A2BE-4F5C-9E4A-563E8E33D65D}
	EndGlobalSection
EndGlobal
